
Microsoft Visual Studio Solution File, Format Version 12.00
# Visual Studio 2013
VisualStudioVersion = 12.0.21005.1
MinimumVisualStudioVersion = 10.0.40219.1
Project("{FAE04EC0-301F-11D3-BF4B-00C04F79EFBC}") = "EventManagementSystem", "EventManagementSystem\EventManagementSystem.csproj", "{DA14120A-9DC8-476C-A1FC-630ACB5C00CF}"
EndProject
Global
	GlobalSection(SolutionConfigurationPlatforms) = preSolution
		Debug|Any CPU = Debug|Any CPU
		Release|Any CPU = Release|Any CPU
	EndGlobalSection
	GlobalSection(ProjectConfigurationPlatforms) = postSolution
		{DA14120A-9DC8-476C-A1FC-630ACB5C00CF}.Debug|Any CPU.ActiveCfg = Debug|Any CPU
		{DA14120A-9DC8-476C-A1FC-630ACB5C00CF}.Debug|Any CPU.Build.0 = Debug|Any CPU
		{DA14120A-9DC8-476C-A1FC-630ACB5C00CF}.Release|Any CPU.ActiveCfg = Release|Any CPU
		{DA14120A-9DC8-476C-A1FC-630ACB5C00CF}.Release|Any CPU.Build.0 = Release|Any CPU
	EndGlobalSection
	GlobalSection(SolutionProperties) = preSolution
		HideSolutionNode = FALSE
	EndGlobalSection
EndGlobal
